// !$*UTF8*$!
{
	archiveVersion = 1;
	classes = {
	};
	objectVersion = 48;
	objects = {

/* Begin PBXBuildFile section */
		201800102091F5AC0024FBD4 /* AppDelegate.swift in Sources */ = {isa = PBXBuildFile; fileRef = 2018000F2091F5AC0024FBD4 /* AppDelegate.swift */; };
		201800122091F5AC0024FBD4 /* ViewController.swift in Sources */ = {isa = PBXBuildFile; fileRef = 201800112091F5AC0024FBD4 /* ViewController.swift */; };
		201800152091F5AC0024FBD4 /* Main.storyboard in Resources */ = {isa = PBXBuildFile; fileRef = 201800132091F5AC0024FBD4 /* Main.storyboard */; };
		201800172091F5AC0024FBD4 /* Assets.xcassets in Resources */ = {isa = PBXBuildFile; fileRef = 201800162091F5AC0024FBD4 /* Assets.xcassets */; };
		2018001A2091F5AC0024FBD4 /* LaunchScreen.storyboard in Resources */ = {isa = PBXBuildFile; fileRef = 201800182091F5AC0024FBD4 /* LaunchScreen.storyboard */; };
		201800242091F7980024FBD4 /* LadyViewController.swift in Sources */ = {isa = PBXBuildFile; fileRef = 201800232091F7980024FBD4 /* LadyViewController.swift */; };
/* End PBXBuildFile section */

/* Begin PBXFileReference section */
		2018000C2091F5AC0024FBD4 /* BackButton.app */ = {isa = PBXFileReference; explicitFileType = wrapper.application; includeInIndex = 0; path = BackButton.app; sourceTree = BUILT_PRODUCTS_DIR; };
		2018000F2091F5AC0024FBD4 /* AppDelegate.swift */ = {isa = PBXFileReference; lastKnownFileType = sourcecode.swift; path = AppDelegate.swift; sourceTree = "<group>"; };
		201800112091F5AC0024FBD4 /* ViewController.swift */ = {isa = PBXFileReference; lastKnownFileType = sourcecode.swift; path = ViewController.swift; sourceTree = "<group>"; };
		201800142091F5AC0024FBD4 /* Base */ = {isa = PBXFileReference; lastKnownFileType = file.storyboard; name = Base; path = Base.lproj/Main.storyboard; sourceTree = "<group>"; };
		201800162091F5AC0024FBD4 /* Assets.xcassets */ = {isa = PBXFileReference; lastKnownFileType = folder.assetcatalog; path = Assets.xcassets; sourceTree = "<group>"; };
		201800192091F5AC0024FBD4 /* Base */ = {isa = PBXFileReference; lastKnownFileType = file.storyboard; name = Base; path = Base.lproj/LaunchScreen.storyboard; sourceTree = "<group>"; };
		2018001B2091F5AC0024FBD4 /* Info.plist */ = {isa = PBXFileReference; lastKnownFileType = text.plist.xml; path = Info.plist; sourceTree = "<group>"; };
		201800232091F7980024FBD4 /* LadyViewController.swift */ = {isa = PBXFileReference; lastKnownFileType = sourcecode.swift; path = LadyViewController.swift; sourceTree = "<group>"; };
/* End PBXFileReference section */

/* Begin PBXFrameworksBuildPhase section */
		201800092091F5AC0024FBD4 /* Frameworks */ = {
			isa = PBXFrameworksBuildPhase;
			buildActionMask = 2147483647;
			files = (
			);
			runOnlyForDeploymentPostprocessing = 0;
		};
/* End PBXFrameworksBuildPhase section */

/* Begin PBXGroup section */
		201800032091F5AC0024FBD4 = {
			isa = PBXGroup;
			children = (
				2018000E2091F5AC0024FBD4 /* BackButton */,
				2018000D2091F5AC0024FBD4 /* Products */,
			);
			sourceTree = "<group>";
		};
		2018000D2091F5AC0024FBD4 /* Products */ = {
			isa = PBXGroup;
			children = (
				2018000C2091F5AC0024FBD4 /* BackButton.app */,
			);
			name = Products;
			sourceTree = "<group>";
		};
		2018000E2091F5AC0024FBD4 /* BackButton */ = {
			isa = PBXGroup;
			children = (
				2018000F2091F5AC0024FBD4 /* AppDelegate.swift */,
				201800112091F5AC0024FBD4 /* ViewController.swift */,
				201800232091F7980024FBD4 /* LadyViewController.swift */,
				201800132091F5AC0024FBD4 /* Main.storyboard */,
				201800162091F5AC0024FBD4 /* Assets.xcassets */,
				201800182091F5AC0024FBD4 /* LaunchScreen.storyboard */,
				2018001B2091F5AC0024FBD4 /* Info.plist */,
			);
			path = BackButton;
			sourceTree = "<group>";
		};
/* End PBXGroup section */

/* Begin PBXNativeTarget section */
		2018000B2091F5AC0024FBD4 /* BackButton */ = {
			isa = PBXNativeTarget;
			buildConfigurationList = 2018001E2091F5AC0024FBD4 /* Build configuration list for PBXNativeTarget "BackButton" */;
			buildPhases = (
				201800082091F5AC0024FBD4 /* Sources */,
				201800092091F5AC0024FBD4 /* Frameworks */,
				2018000A2091F5AC0024FBD4 /* Resources */,
			);
			buildRules = (
			);
			dependencies = (
			);
			name = BackButton;
			productName = BackButton;
			productReference = 2018000C2091F5AC0024FBD4 /* BackButton.app */;
			productType = "com.apple.product-type.application";
		};
/* End PBXNativeTarget section */

/* Begin PBXProject section */
		201800042091F5AC0024FBD4 /* Project object */ = {
			isa = PBXProject;
			attributes = {
				LastSwiftUpdateCheck = 0910;
				LastUpgradeCheck = 0910;
				ORGANIZATIONNAME = "Steve Lipton";
				TargetAttributes = {
					2018000B2091F5AC0024FBD4 = {
						CreatedOnToolsVersion = 9.1;
						ProvisioningStyle = Automatic;
					};
				};
			};
			buildConfigurationList = 201800072091F5AC0024FBD4 /* Build configuration list for PBXProject "BackButton" */;
			compatibilityVersion = "Xcode 8.0";
			developmentRegion = en;
			hasScannedForEncodings = 0;
			knownRegions = (
				en,
				Base,
			);
			mainGroup = 201800032091F5AC0024FBD4;
			productRefGroup = 2018000D2091F5AC0024FBD4 /* Products */;
			projectDirPath = "";
			projectRoot = "";
			targets = (
				2018000B2091F5AC0024FBD4 /* BackButton */,
			);
		};
/* End PBXProject section */

/* Begin PBXResourcesBuildPhase section */
		2018000A2091F5AC0024FBD4 /* Resources */ = {
			isa = PBXResourcesBuildPhase;
			buildActionMask = 2147483647;
			files = (
				2018001A2091F5AC0024FBD4 /* LaunchScreen.storyboard in Resources */,
				201800172091F5AC0024FBD4 /* Assets.xcassets in Resources */,
				201800152091F5AC0024FBD4 /* Main.storyboard in Resources */,
			);
			runOnlyForDeploymentPostprocessing = 0;
		};
/* End PBXResourcesBuildPhase section */

/* Begin PBXSourcesBuildPhase section */
		201800082091F5AC0024FBD4 /* Sources */ = {
			isa = PBXSourcesBuildPhase;
			buildActionMask = 2147483647;
			files = (
				201800122091F5AC0024FBD4 /* ViewController.swift in Sources */,
				201800102091F5AC0024FBD4 /* AppDelegate.swift in Sources */,
				201800242091F7980024FBD4 /* LadyViewController.swift in Sources */,
			);
			runOnlyForDeploymentPostprocessing = 0;
		};
/* End PBXSourcesBuildPhase section */

/* Begin PBXVariantGroup section */
		201800132091F5AC0024FBD4 /* Main.storyboard */ = {
			isa = PBXVariantGroup;
			children = (
				201800142091F5AC0024FBD4 /* Base */,
			);
			name = Main.storyboard;
			sourceTree = "<group>";
		};
		201800182091F5AC0024FBD4 /* LaunchScreen.storyboard */ = {
			isa = PBXVariantGroup;
			children = (
				201800192091F5AC0024FBD4 /* Base */,
			);
			name = LaunchScreen.storyboard;
			sourceTree = "<group>";
		};
/* End PBXVariantGroup section */

/* Begin XCBuildConfiguration section */
		2018001C2091F5AC0024FBD4 /* Debug */ = {
			isa = XCBuildConfiguration;
			buildSettings = {
				ALWAYS_SEARCH_USER_PATHS = NO;
				CLANG_ANALYZER_NONNULL = YES;
				CLANG_ANALYZER_NUMBER_OBJECT_CONVERSION = YES_AGGRESSIVE;
				CLANG_CXX_LANGUAGE_STANDARD = "gnu++14";
				CLANG_CXX_LIBRARY = "libc++";
				CLANG_ENABLE_MODULES = YES;
				CLANG_ENABLE_OBJC_ARC = YES;
				CLANG_WARN_BLOCK_CAPTURE_AUTORELEASING = YES;
				CLANG_WARN_BOOL_CONVERSION = YES;
				CLANG_WARN_COMMA = YES;
				CLANG_WARN_CONSTANT_CONVERSION = YES;
				CLANG_WARN_DIRECT_OBJC_ISA_USAGE = YES_ERROR;
				CLANG_WARN_DOCUMENTATION_COMMENTS = YES;
				CLANG_WARN_EMPTY_BODY = YES;
				CLANG_WARN_ENUM_CONVERSION = YES;
				CLANG_WARN_INFINITE_RECURSION = YES;
				CLANG_WARN_INT_CONVERSION = YES;
				CLANG_WARN_NON_LITERAL_NULL_CONVERSION = YES;
				CLANG_WARN_OBJC_LITERAL_CONVERSION = YES;
				CLANG_WARN_OBJC_ROOT_CLASS = YES_ERROR;
				CLANG_WARN_RANGE_LOOP_ANALYSIS = YES;
				CLANG_WARN_STRICT_PROTOTYPES = YES;
				CLANG_WARN_SUSPICIOUS_MOVE = YES;
				CLANG_WARN_UNGUARDED_AVAILABILITY = YES_AGGRESSIVE;
				CLANG_WARN_UNREACHABLE_CODE = YES;
				CLANG_WARN__DUPLICATE_METHOD_MATCH = YES;
				CODE_SIGN_IDENTITY = "iPhone Developer";
				COPY_PHASE_STRIP = NO;
				DEBUG_INFORMATION_FORMAT = dwarf;
				ENABLE_STRICT_OBJC_MSGSEND = YES;
				ENABLE_TESTABILITY = YES;
				GCC_C_LANGUAGE_STANDARD = gnu11;
				GCC_DYNAMIC_NO_PIC = NO;
				GCC_NO_COMMON_BLOCKS = YES;
				GCC_OPTIMIZATION_LEVEL = 0;
				GCC_PREPROCESSOR_DEFINITIONS = (
					"DEBUG=1",
					"$(inherited)",
				);
				GCC_WARN_64_TO_32_BIT_CONVERSION = YES;
				GCC_WARN_ABOUT_RETURN_TYPE = YES_ERROR;
				GCC_WARN_UNDECLARED_SELECTOR = YES;
				GCC_WARN_UNINITIALIZED_AUTOS = YES_AGGRESSIVE;
				GCC_WARN_UNUSED_FUNCTION = YES;
				GCC_WARN_UNUSED_VARIABLE = YES;
				IPHONEOS_DEPLOYMENT_TARGET = 11.1;
				MTL_ENABLE_DEBUG_INFO = YES;
				ONLY_ACTIVE_ARCH = YES;
				SDKROOT = iphoneos;
				SWIFT_ACTIVE_COMPILATION_CONDITIONS = DEBUG;
				SWIFT_OPTIMIZATION_LEVEL = "-Onone";
			};
			name = Debug;
		};
		2018001D2091F5AC0024FBD4 /* Release */ = {
			isa = XCBuildConfiguration;
			buildSettings = {
				ALWAYS_SEARCH_USER_PATHS = NO;
				CLANG_ANALYZER_NONNULL = YES;
				CLANG_ANALYZER_NUMBER_OBJECT_CONVERSION = YES_AGGRESSIVE;
				CLANG_CXX_LANGUAGE_STANDARD = "gnu++14";
				CLANG_CXX_LIBRARY = "libc++";
				CLANG_ENABLE_MODULES = YES;
				CLANG_ENABLE_OBJC_ARC = YES;
				CLANG_WARN_BLOCK_CAPTURE_AUTORELEASING = YES;
				CLANG_WARN_BOOL_CONVERSION = YES;
				CLANG_WARN_COMMA = YES;
				CLANG_WARN_CONSTANT_CONVERSION = YES;
				CLANG_WARN_DIRECT_OBJC_ISA_USAGE = YES_ERROR;
				CLANG_WARN_DOCUMENTATION_COMMENTS = YES;
				CLANG_WARN_EMPTY_BODY = YES;
				CLANG_WARN_ENUM_CONVERSION = YES;
				CLANG_WARN_INFINITE_RECURSION = YES;
				CLANG_WARN_INT_CONVERSION = YES;
				CLANG_WARN_NON_LITERAL_NULL_CONVERSION = YES;
				CLANG_WARN_OBJC_LITERAL_CONVERSION = YES;
				CLANG_WARN_OBJC_ROOT_CLASS = YES_ERROR;
				CLANG_WARN_RANGE_LOOP_ANALYSIS = YES;
				CLANG_WARN_STRICT_PROTOTYPES = YES;
				CLANG_WARN_SUSPICIOUS_MOVE = YES;
				CLANG_WARN_UNGUARDED_AVAILABILITY = YES_AGGRESSIVE;
				CLANG_WARN_UNREACHABLE_CODE = YES;
				CLANG_WARN__DUPLICATE_METHOD_MATCH = YES;
				CODE_SIGN_IDENTITY = "iPhone Developer";
				COPY_PHASE_STRIP = NO;
				DEBUG_INFORMATION_FORMAT = "dwarf-with-dsym";
				ENABLE_NS_ASSERTIONS = NO;
				ENABLE_STRICT_OBJC_MSGSEND = YES;
				GCC_C_LANGUAGE_STANDARD = gnu11;
				GCC_NO_COMMON_BLOCKS = YES;
				GCC_WARN_64_TO_32_BIT_CONVERSION = YES;
				GCC_WARN_ABOUT_RETURN_TYPE = YES_ERROR;
				GCC_WARN_UNDECLARED_SELECTOR = YES;
				GCC_WARN_UNINITIALIZED_AUTOS = YES_AGGRESSIVE;
				GCC_WARN_UNUSED_FUNCTION = YES;
				GCC_WARN_UNUSED_VARIABLE = YES;
				IPHONEOS_DEPLOYMENT_TARGET = 11.1;
				MTL_ENABLE_DEBUG_INFO = NO;
				SDKROOT = iphoneos;
				SWIFT_OPTIMIZATION_LEVEL = "-Owholemodule";
				VALIDATE_PRODUCT = YES;
			};
			name = Release;
		};
		2018001F2091F5AC0024FBD4 /* Debug */ = {
			isa = XCBuildConfiguration;
			buildSettings = {
				ASSETCATALOG_COMPILER_APPICON_NAME = AppIcon;
				CODE_SIGN_STYLE = Automatic;
				DEVELOPMENT_TEAM = P6DBU8DWFF;
				INFOPLIST_FILE = BackButton/Info.plist;
				LD_RUNPATH_SEARCH_PATHS = "$(inherited) @executable_path/Frameworks";
				PRODUCT_BUNDLE_IDENTIFIER = com.makeAppPie.BackButton;
				PRODUCT_NAME = "$(TARGET_NAME)";
				SWIFT_VERSION = 4.0;
				TARGETED_DEVICE_FAMILY = "1,2";
			};
			name = Debug;
		};
		201800202091F5AC0024FBD4 /* Release */ = {
			isa = XCBuildConfiguration;
			buildSettings = {
				ASSETCATALOG_COMPILER_APPICON_NAME = AppIcon;
				CODE_SIGN_STYLE = Automatic;
				DEVELOPMENT_TEAM = P6DBU8DWFF;
				INFOPLIST_FILE = BackButton/Info.plist;
				LD_RUNPATH_SEARCH_PATHS = "$(inherited) @executable_path/Frameworks";
				PRODUCT_BUNDLE_IDENTIFIER = com.makeAppPie.BackButton;
				PRODUCT_NAME = "$(TARGET_NAME)";
				SWIFT_VERSION = 4.0;
				TARGETED_DEVICE_FAMILY = "1,2";
			};
			name = Release;
		};
/* End XCBuildConfiguration section */

/* Begin XCConfigurationList section */
		201800072091F5AC0024FBD4 /* Build configuration list for PBXProject "BackButton" */ = {
			isa = XCConfigurationList;
			buildConfigurations = (
				2018001C2091F5AC0024FBD4 /* Debug */,
				2018001D2091F5AC0024FBD4 /* Release */,
			);
			defaultConfigurationIsVisible = 0;
			defaultConfigurationName = Release;
		};
		2018001E2091F5AC0024FBD4 /* Build configuration list for PBXNativeTarget "BackButton" */ = {
			isa = XCConfigurationList;
			buildConfigurations = (
				2018001F2091F5AC0024FBD4 /* Debug */,
				201800202091F5AC0024FBD4 /* Release */,
			);
			defaultConfigurationIsVisible = 0;
			defaultConfigurationName = Release;
		};
/* End XCConfigurationList section */
	};
	rootObject = 201800042091F5AC0024FBD4 /* Project object */;
}
